// !$*UTF8*$!
{
	archiveVersion = 1;
	classes = {
	};
	objectVersion = 46;
	objects = {

/* Begin PBXBuildFile section */
		372FB80C1E94AE58009CFE2D /* AppDelegate.swift in Sources */ = {isa = PBXBuildFile; fileRef = 372FB80B1E94AE58009CFE2D /* AppDelegate.swift */; };
		372FB80E1E94AE58009CFE2D /* ViewController.swift in Sources */ = {isa = PBXBuildFile; fileRef = 372FB80D1E94AE58009CFE2D /* ViewController.swift */; };
		372FB8111E94AE58009CFE2D /* Main.storyboard in Resources */ = {isa = PBXBuildFile; fileRef = 372FB80F1E94AE58009CFE2D /* Main.storyboard */; };
		372FB8131E94AE58009CFE2D /* Assets.xcassets in Resources */ = {isa = PBXBuildFile; fileRef = 372FB8121E94AE58009CFE2D /* Assets.xcassets */; };
		372FB8161E94AE58009CFE2D /* LaunchScreen.storyboard in Resources */ = {isa = PBXBuildFile; fileRef = 372FB8141E94AE58009CFE2D /* LaunchScreen.storyboard */; };
/* End PBXBuildFile section */

/* Begin PBXFileReference section */
		372FB8081E94AE58009CFE2D /* dynamicCellHeight.app */ = {isa = PBXFileReference; explicitFileType = wrapper.application; includeInIndex = 0; path = dynamicCellHeight.app; sourceTree = BUILT_PRODUCTS_DIR; };
		372FB80B1E94AE58009CFE2D /* AppDelegate.swift */ = {isa = PBXFileReference; lastKnownFileType = sourcecode.swift; path = AppDelegate.swift; sourceTree = "<group>"; };
		372FB80D1E94AE58009CFE2D /* ViewController.swift */ = {isa = PBXFileReference; lastKnownFileType = sourcecode.swift; path = ViewController.swift; sourceTree = "<group>"; };
		372FB8101E94AE58009CFE2D /* Base */ = {isa = PBXFileReference; lastKnownFileType = file.storyboard; name = Base; path = Base.lproj/Main.storyboard; sourceTree = "<group>"; };
		372FB8121E94AE58009CFE2D /* Assets.xcassets */ = {isa = PBXFileReference; lastKnownFileType = folder.assetcatalog; path = Assets.xcassets; sourceTree = "<group>"; };
		372FB8151E94AE58009CFE2D /* Base */ = {isa = PBXFileReference; lastKnownFileType = file.storyboard; name = Base; path = Base.lproj/LaunchScreen.storyboard; sourceTree = "<group>"; };
		372FB8171E94AE58009CFE2D /* Info.plist */ = {isa = PBXFileReference; lastKnownFileType = text.plist.xml; path = Info.plist; sourceTree = "<group>"; };
/* End PBXFileReference section */

/* Begin PBXFrameworksBuildPhase section */
		372FB8051E94AE58009CFE2D /* Frameworks */ = {
			isa = PBXFrameworksBuildPhase;
			buildActionMask = 2147483647;
			files = (
			);
			runOnlyForDeploymentPostprocessing = 0;
		};
/* End PBXFrameworksBuildPhase section */

/* Begin PBXGroup section */
		372FB7FF1E94AE58009CFE2D = {
			isa = PBXGroup;
			children = (
				372FB80A1E94AE58009CFE2D /* dynamicCellHeight */,
				372FB8091E94AE58009CFE2D /* Products */,
			);
			sourceTree = "<group>";
		};
		372FB8091E94AE58009CFE2D /* Products */ = {
			isa = PBXGroup;
			children = (
				372FB8081E94AE58009CFE2D /* dynamicCellHeight.app */,
			);
			name = Products;
			sourceTree = "<group>";
		};
		372FB80A1E94AE58009CFE2D /* dynamicCellHeight */ = {
			isa = PBXGroup;
			children = (
				372FB80B1E94AE58009CFE2D /* AppDelegate.swift */,
				372FB80D1E94AE58009CFE2D /* ViewController.swift */,
				372FB80F1E94AE58009CFE2D /* Main.storyboard */,
				372FB8121E94AE58009CFE2D /* Assets.xcassets */,
				372FB8141E94AE58009CFE2D /* LaunchScreen.storyboard */,
				372FB8171E94AE58009CFE2D /* Info.plist */,
			);
			path = dynamicCellHeight;
			sourceTree = "<group>";
		};
/* End PBXGroup section */

/* Begin PBXNativeTarget section */
		372FB8071E94AE58009CFE2D /* dynamicCellHeight */ = {
			isa = PBXNativeTarget;
			buildConfigurationList = 372FB81A1E94AE58009CFE2D /* Build configuration list for PBXNativeTarget "dynamicCellHeight" */;
			buildPhases = (
				372FB8041E94AE58009CFE2D /* Sources */,
				372FB8051E94AE58009CFE2D /* Frameworks */,
				372FB8061E94AE58009CFE2D /* Resources */,
			);
			buildRules = (
			);
			dependencies = (
			);
			name = dynamicCellHeight;
			productName = dynamicCellHeight;
			productReference = 372FB8081E94AE58009CFE2D /* dynamicCellHeight.app */;
			productType = "com.apple.product-type.application";
		};
/* End PBXNativeTarget section */

/* Begin PBXProject section */
		372FB8001E94AE58009CFE2D /* Project object */ = {
			isa = PBXProject;
			attributes = {
				LastSwiftUpdateCheck = 0830;
				LastUpgradeCheck = 0830;
				ORGANIZATIONNAME = coeur;
				TargetAttributes = {
					372FB8071E94AE58009CFE2D = {
						CreatedOnToolsVersion = 8.3;
						ProvisioningStyle = Automatic;
					};
				};
			};
			buildConfigurationList = 372FB8031E94AE58009CFE2D /* Build configuration list for PBXProject "dynamicCellHeight" */;
			compatibilityVersion = "Xcode 3.2";
			developmentRegion = English;
			hasScannedForEncodings = 0;
			knownRegions = (
				en,
				Base,
			);
			mainGroup = 372FB7FF1E94AE58009CFE2D;
			productRefGroup = 372FB8091E94AE58009CFE2D /* Products */;
			projectDirPath = "";
			projectRoot = "";
			targets = (
				372FB8071E94AE58009CFE2D /* dynamicCellHeight */,
			);
		};
/* End PBXProject section */

/* Begin PBXResourcesBuildPhase section */
		372FB8061E94AE58009CFE2D /* Resources */ = {
			isa = PBXResourcesBuildPhase;
			buildActionMask = 2147483647;
			files = (
				372FB8161E94AE58009CFE2D /* LaunchScreen.storyboard in Resources */,
				372FB8131E94AE58009CFE2D /* Assets.xcassets in Resources */,
				372FB8111E94AE58009CFE2D /* Main.storyboard in Resources */,
			);
			runOnlyForDeploymentPostprocessing = 0;
		};
/* End PBXResourcesBuildPhase section */

/* Begin PBXSourcesBuildPhase section */
		372FB8041E94AE58009CFE2D /* Sources */ = {
			isa = PBXSourcesBuildPhase;
			buildActionMask = 2147483647;
			files = (
				372FB80E1E94AE58009CFE2D /* ViewController.swift in Sources */,
				372FB80C1E94AE58009CFE2D /* AppDelegate.swift in Sources */,
			);
			runOnlyForDeploymentPostprocessing = 0;
		};
/* End PBXSourcesBuildPhase section */

/* Begin PBXVariantGroup section */
		372FB80F1E94AE58009CFE2D /* Main.storyboard */ = {
			isa = PBXVariantGroup;
			children = (
				372FB8101E94AE58009CFE2D /* Base */,
			);
			name = Main.storyboard;
			sourceTree = "<group>";
		};
		372FB8141E94AE58009CFE2D /* LaunchScreen.storyboard */ = {
			isa = PBXVariantGroup;
			children = (
				372FB8151E94AE58009CFE2D /* Base */,
			);
			name = LaunchScreen.storyboard;
			sourceTree = "<group>";
		};
/* End PBXVariantGroup section */

/* Begin XCBuildConfiguration section */
		372FB8181E94AE58009CFE2D /* Debug */ = {
			isa = XCBuildConfiguration;
			buildSettings = {
				ALWAYS_SEARCH_USER_PATHS = NO;
				CLANG_ANALYZER_NONNULL = YES;
				CLANG_ANALYZER_NUMBER_OBJECT_CONVERSION = YES_AGGRESSIVE;
				CLANG_CXX_LANGUAGE_STANDARD = "gnu++0x";
				CLANG_CXX_LIBRARY = "libc++";
				CLANG_ENABLE_MODULES = YES;
				CLANG_ENABLE_OBJC_ARC = YES;
				CLANG_WARN_BOOL_CONVERSION = YES;
				CLANG_WARN_CONSTANT_CONVERSION = YES;
				CLANG_WARN_DIRECT_OBJC_ISA_USAGE = YES_ERROR;
				CLANG_WARN_DOCUMENTATION_COMMENTS = YES;
				CLANG_WARN_EMPTY_BODY = YES;
				CLANG_WARN_ENUM_CONVERSION = YES;
				CLANG_WARN_INFINITE_RECURSION = YES;
				CLANG_WARN_INT_CONVERSION = YES;
				CLANG_WARN_OBJC_ROOT_CLASS = YES_ERROR;
				CLANG_WARN_SUSPICIOUS_MOVE = YES;
				CLANG_WARN_UNREACHABLE_CODE = YES;
				CLANG_WARN__DUPLICATE_METHOD_MATCH = YES;
				"CODE_SIGN_IDENTITY[sdk=iphoneos*]" = "iPhone Developer";
				COPY_PHASE_STRIP = NO;
				DEBUG_INFORMATION_FORMAT = dwarf;
				ENABLE_STRICT_OBJC_MSGSEND = YES;
				ENABLE_TESTABILITY = YES;
				GCC_C_LANGUAGE_STANDARD = gnu99;
				GCC_DYNAMIC_NO_PIC = NO;
				GCC_NO_COMMON_BLOCKS = YES;
				GCC_OPTIMIZATION_LEVEL = 0;
				GCC_PREPROCESSOR_DEFINITIONS = (
					"DEBUG=1",
					"$(inherited)",
				);
				GCC_WARN_64_TO_32_BIT_CONVERSION = YES;
				GCC_WARN_ABOUT_RETURN_TYPE = YES_ERROR;
				GCC_WARN_UNDECLARED_SELECTOR = YES;
				GCC_WARN_UNINITIALIZED_AUTOS = YES_AGGRESSIVE;
				GCC_WARN_UNUSED_FUNCTION = YES;
				GCC_WARN_UNUSED_VARIABLE = YES;
				IPHONEOS_DEPLOYMENT_TARGET = 8.0;
				MTL_ENABLE_DEBUG_INFO = YES;
				ONLY_ACTIVE_ARCH = YES;
				SDKROOT = iphoneos;
				SWIFT_ACTIVE_COMPILATION_CONDITIONS = DEBUG;
				SWIFT_OPTIMIZATION_LEVEL = "-Onone";
				TARGETED_DEVICE_FAMILY = "1,2";
			};
			name = Debug;
		};
		372FB8191E94AE58009CFE2D /* Release */ = {
			isa = XCBuildConfiguration;
			buildSettings = {
				ALWAYS_SEARCH_USER_PATHS = NO;
				CLANG_ANALYZER_NONNULL = YES;
				CLANG_ANALYZER_NUMBER_OBJECT_CONVERSION = YES_AGGRESSIVE;
				CLANG_CXX_LANGUAGE_STANDARD = "gnu++0x";
				CLANG_CXX_LIBRARY = "libc++";
				CLANG_ENABLE_MODULES = YES;
				CLANG_ENABLE_OBJC_ARC = YES;
				CLANG_WARN_BOOL_CONVERSION = YES;
				CLANG_WARN_CONSTANT_CONVERSION = YES;
				CLANG_WARN_DIRECT_OBJC_ISA_USAGE = YES_ERROR;
				CLANG_WARN_DOCUMENTATION_COMMENTS = YES;
				CLANG_WARN_EMPTY_BODY = YES;
				CLANG_WARN_ENUM_CONVERSION = YES;
				CLANG_WARN_INFINITE_RECURSION = YES;
				CLANG_WARN_INT_CONVERSION = YES;
				CLANG_WARN_OBJC_ROOT_CLASS = YES_ERROR;
				CLANG_WARN_SUSPICIOUS_MOVE = YES;
				CLANG_WARN_UNREACHABLE_CODE = YES;
				CLANG_WARN__DUPLICATE_METHOD_MATCH = YES;
				"CODE_SIGN_IDENTITY[sdk=iphoneos*]" = "iPhone Developer";
				COPY_PHASE_STRIP = NO;
				DEBUG_INFORMATION_FORMAT = "dwarf-with-dsym";
				ENABLE_NS_ASSERTIONS = NO;
				ENABLE_STRICT_OBJC_MSGSEND = YES;
				GCC_C_LANGUAGE_STANDARD = gnu99;
				GCC_NO_COMMON_BLOCKS = YES;
				GCC_WARN_64_TO_32_BIT_CONVERSION = YES;
				GCC_WARN_ABOUT_RETURN_TYPE = YES_ERROR;
				GCC_WARN_UNDECLARED_SELECTOR = YES;
				GCC_WARN_UNINITIALIZED_AUTOS = YES_AGGRESSIVE;
				GCC_WARN_UNUSED_FUNCTION = YES;
				GCC_WARN_UNUSED_VARIABLE = YES;
				IPHONEOS_DEPLOYMENT_TARGET = 8.0;
				MTL_ENABLE_DEBUG_INFO = NO;
				SDKROOT = iphoneos;
				SWIFT_OPTIMIZATION_LEVEL = "-Owholemodule";
				TARGETED_DEVICE_FAMILY = "1,2";
				VALIDATE_PRODUCT = YES;
			};
			name = Release;
		};
		372FB81B1E94AE58009CFE2D /* Debug */ = {
			isa = XCBuildConfiguration;
			buildSettings = {
				ASSETCATALOG_COMPILER_APPICON_NAME = AppIcon;
				INFOPLIST_FILE = dynamicCellHeight/Info.plist;
				LD_RUNPATH_SEARCH_PATHS = "$(inherited) @executable_path/Frameworks";
				PRODUCT_BUNDLE_IDENTIFIER = coeur.dynamicCellHeight;
				PRODUCT_NAME = "$(TARGET_NAME)";
				SWIFT_VERSION = 3.0;
			};
			name = Debug;
		};
		372FB81C1E94AE58009CFE2D /* Release */ = {
			isa = XCBuildConfiguration;
			buildSettings = {
				ASSETCATALOG_COMPILER_APPICON_NAME = AppIcon;
				INFOPLIST_FILE = dynamicCellHeight/Info.plist;
				LD_RUNPATH_SEARCH_PATHS = "$(inherited) @executable_path/Frameworks";
				PRODUCT_BUNDLE_IDENTIFIER = coeur.dynamicCellHeight;
				PRODUCT_NAME = "$(TARGET_NAME)";
				SWIFT_VERSION = 3.0;
			};
			name = Release;
		};
/* End XCBuildConfiguration section */

/* Begin XCConfigurationList section */
		372FB8031E94AE58009CFE2D /* Build configuration list for PBXProject "dynamicCellHeight" */ = {
			isa = XCConfigurationList;
			buildConfigurations = (
				372FB8181E94AE58009CFE2D /* Debug */,
				372FB8191E94AE58009CFE2D /* Release */,
			);
			defaultConfigurationIsVisible = 0;
			defaultConfigurationName = Release;
		};
		372FB81A1E94AE58009CFE2D /* Build configuration list for PBXNativeTarget "dynamicCellHeight" */ = {
			isa = XCConfigurationList;
			buildConfigurations = (
				372FB81B1E94AE58009CFE2D /* Debug */,
				372FB81C1E94AE58009CFE2D /* Release */,
			);
			defaultConfigurationIsVisible = 0;
			defaultConfigurationName = Release;
		};
/* End XCConfigurationList section */
	};
	rootObject = 372FB8001E94AE58009CFE2D /* Project object */;
}
